
Microsoft Visual Studio Solution File, Format Version 12.00
# Visual Studio Version 17
VisualStudioVersion = 17.11.35219.272
MinimumVisualStudioVersion = 10.0.40219.1
Project("{FAE04EC0-301F-11D3-BF4B-00C04F79EFBC}") = "HW12", "HW12\HW12.csproj", "{B3C9F979-BE30-4224-B531-6CDD8681701E}"
EndProject
Global
	GlobalSection(SolutionConfigurationPlatforms) = preSolution
		Debug|Any CPU = Debug|Any CPU
		Release|Any CPU = Release|Any CPU
	EndGlobalSection
	GlobalSection(ProjectConfigurationPlatforms) = postSolution
		{B3C9F979-BE30-4224-B531-6CDD8681701E}.Debug|Any CPU.ActiveCfg = Debug|Any CPU
		{B3C9F979-BE30-4224-B531-6CDD8681701E}.Debug|Any CPU.Build.0 = Debug|Any CPU
		{B3C9F979-BE30-4224-B531-6CDD8681701E}.Release|Any CPU.ActiveCfg = Release|Any CPU
		{B3C9F979-BE30-4224-B531-6CDD8681701E}.Release|Any CPU.Build.0 = Release|Any CPU
	EndGlobalSection
	GlobalSection(SolutionProperties) = preSolution
		HideSolutionNode = FALSE
	EndGlobalSection
	GlobalSection(ExtensibilityGlobals) = postSolution
		SolutionGuid = {2D55E1FE-B335-4D10-8A51-27E6B45CD5EC}
	EndGlobalSection
EndGlobal
